
Microsoft Visual Studio Solution File, Format Version 12.00
# Visual Studio Version 17
VisualStudioVersion = 17.4.33403.182
MinimumVisualStudioVersion = 10.0.40219.1
Project("{FAE04EC0-301F-11D3-BF4B-00C04F79EFBC}") = "AbhijeetCSharpTest", "AbhijeetCSharpTest\AbhijeetCSharpTest.csproj", "{B149F2CF-669F-4CB8-B2B4-B6820A061D61}"
EndProject
Global
	GlobalSection(SolutionConfigurationPlatforms) = preSolution
		Debug|Any CPU = Debug|Any CPU
		Release|Any CPU = Release|Any CPU
	EndGlobalSection
	GlobalSection(ProjectConfigurationPlatforms) = postSolution
		{B149F2CF-669F-4CB8-B2B4-B6820A061D61}.Debug|Any CPU.ActiveCfg = Debug|Any CPU
		{B149F2CF-669F-4CB8-B2B4-B6820A061D61}.Debug|Any CPU.Build.0 = Debug|Any CPU
		{B149F2CF-669F-4CB8-B2B4-B6820A061D61}.Release|Any CPU.ActiveCfg = Release|Any CPU
		{B149F2CF-669F-4CB8-B2B4-B6820A061D61}.Release|Any CPU.Build.0 = Release|Any CPU
	EndGlobalSection
	GlobalSection(SolutionProperties) = preSolution
		HideSolutionNode = FALSE
	EndGlobalSection
	GlobalSection(ExtensibilityGlobals) = postSolution
		SolutionGuid = {0F850502-2900-4252-8733-FDEAA5393B4F}
	EndGlobalSection
EndGlobal
